
Microsoft Visual Studio Solution File, Format Version 12.00
# Visual Studio Version 17
VisualStudioVersion = 17.5.002.0
MinimumVisualStudioVersion = 10.0.40219.1
Project("{9A19103F-16F7-4668-BE54-9A1E7A4F7556}") = "OrderAPI", "OrderAPI\OrderAPI.csproj", "{96A828ED-82A1-41AB-B282-091AD80CB5B3}"
EndProject
Project("{9A19103F-16F7-4668-BE54-9A1E7A4F7556}") = "WarehouseAPI", "WarehouseAPI\WarehouseAPI.csproj", "{CCC64E5C-79D1-4605-8831-BC379DCAA9F8}"
EndProject
Global
	GlobalSection(SolutionConfigurationPlatforms) = preSolution
		Debug|Any CPU = Debug|Any CPU
		Release|Any CPU = Release|Any CPU
	EndGlobalSection
	GlobalSection(ProjectConfigurationPlatforms) = postSolution
		{96A828ED-82A1-41AB-B282-091AD80CB5B3}.Debug|Any CPU.ActiveCfg = Debug|Any CPU
		{96A828ED-82A1-41AB-B282-091AD80CB5B3}.Debug|Any CPU.Build.0 = Debug|Any CPU
		{96A828ED-82A1-41AB-B282-091AD80CB5B3}.Release|Any CPU.ActiveCfg = Release|Any CPU
		{96A828ED-82A1-41AB-B282-091AD80CB5B3}.Release|Any CPU.Build.0 = Release|Any CPU
		{CCC64E5C-79D1-4605-8831-BC379DCAA9F8}.Debug|Any CPU.ActiveCfg = Debug|Any CPU
		{CCC64E5C-79D1-4605-8831-BC379DCAA9F8}.Debug|Any CPU.Build.0 = Debug|Any CPU
		{CCC64E5C-79D1-4605-8831-BC379DCAA9F8}.Release|Any CPU.ActiveCfg = Release|Any CPU
		{CCC64E5C-79D1-4605-8831-BC379DCAA9F8}.Release|Any CPU.Build.0 = Release|Any CPU
	EndGlobalSection
	GlobalSection(SolutionProperties) = preSolution
		HideSolutionNode = FALSE
	EndGlobalSection
	GlobalSection(ExtensibilityGlobals) = postSolution
		SolutionGuid = {E30812C9-28F0-4D26-BB1D-8496078E5414}
	EndGlobalSection
EndGlobal
